{
  "requires": true,
  "lockfileVersion": 1,
  "dependencies": {
    "@fortawesome/fontawesome-pro": {
      "version": "5.5.0",
      "resolved": "https://npm.fontawesome.com/@fortawesome/fontawesome-pro/-/fontawesome-pro-5.5.0.tgz",
      "integrity": "sha512-tctbibBOAJeLanvJht6rgtd79+DzbMFxQ/qtpAVVeBixIQ2srzMkLQfe64LmKP9fZ+HnTOREZM+QXcPYd7fsmg==",
      "dev": true
    }
  }
}
